# Generated by conda-lock.
# platform: linux-64
# input_hash: 9372e79b1474a43afc87020df84080ff51fcee61fe829dc06d377dbec88a0937
@EXPLICIT
https://repo.anaconda.com/pkgs/main/linux-64/_libgcc_mutex-0.1-main.conda#c3473ff8bdb3d124ed5ff11ec380d6f9
https://repo.anaconda.com/pkgs/main/linux-64/blas-1.0-openblas.conda#9ddfcaef10d79366c90128f5dc444be8
https://repo.anaconda.com/pkgs/main/linux-64/ca-certificates-2025.12.2-h06a4308_0.conda#4a93c43656592eb990b914fead171268
https://conda.anaconda.org/conda-forge/linux-64/dart-sass-1.59.1-ha770c72_0.conda#de2018928d25b2cf33d0634f908554ef
https://repo.anaconda.com/pkgs/main/linux-64/esbuild-0.25.4-h06a4308_0.conda#0bff86da60d50c1e2798afaf5cc5cceb
https://conda.anaconda.org/conda-forge/linux-64/pandoc-3.2-ha770c72_0.conda#8c924f0b7f3e064b1c954a08e7c32fba
https://repo.anaconda.com/pkgs/main/linux-64/python_abi-3.11-3_cp311.conda#cbc5fa4653be40abd310d79d58ec1cee
https://repo.anaconda.com/pkgs/main/noarch/tzdata-2025b-h04d1e81_0.conda#1d027393db3427ab22a02aa44a56f143
https://repo.anaconda.com/pkgs/main/linux-64/ld_impl_linux-64-2.44-h153f514_2.conda#dffdc9a0e09d04051d4bd758e104f4b3
https://repo.anaconda.com/pkgs/main/linux-64/libgomp-15.2.0-h4751f2c_7.conda#82025ed6da944bd419d42d9b1ff116aa
https://repo.anaconda.com/pkgs/main/linux-64/_openmp_mutex-5.1-1_gnu.conda#71d281e9c2192cb3fa425655a8defb85
https://repo.anaconda.com/pkgs/main/linux-64/libgcc-15.2.0-h69a1729_7.conda#01fb1b8725fc7f66312b9d409758917a
https://repo.anaconda.com/pkgs/main/linux-64/libgcc-ng-15.2.0-h166f726_7.conda#2783efb2502b9caa7f08e25fd54df899
https://repo.anaconda.com/pkgs/main/linux-64/libgfortran5-15.2.0-hc633d37_7.conda#78b0f996039e81b01b72b06005bcf4d5
https://repo.anaconda.com/pkgs/main/linux-64/libstdcxx-15.2.0-h39759b7_7.conda#7dc7ec61ceea5de17f3e2c4c5f442fc6
https://repo.anaconda.com/pkgs/main/linux-64/libwebp-base-1.6.0-hb7bb969_0.conda#e98a67dc007d32ae5c9a21108778e0d1
https://conda.anaconda.org/conda-forge/linux-64/make-4.4.1-hb9d3cd8_2.conda#33405d2a66b1411db9f7242c8b97c9e7
https://conda.anaconda.org/conda-forge/linux-64/openssl-3.6.0-h26f9b46_0.conda#9ee58d5c534af06558933af3c845a780
https://repo.anaconda.com/pkgs/main/linux-64/aws-c-common-0.12.4-hb25bd0a_0.conda#20ef36f1f3fca8132a5c273c366cad47
https://repo.anaconda.com/pkgs/main/linux-64/bzip2-1.0.8-h5eee18b_6.conda#f21a3ff51c1b271977f53ce956a69297
https://repo.anaconda.com/pkgs/main/linux-64/dav1d-1.2.1-h5eee18b_0.conda#616c9f26cd289f10a79f3d166b338804
https://conda.anaconda.org/conda-forge/linux-64/deno-1.41.0-hfc7925d_0.conda#8d6e6bd74055bd30c88d3a678395a7e9
https://repo.anaconda.com/pkgs/main/linux-64/fribidi-1.0.10-h7b6447c_0.conda#1b4851703971b3d43acdcc9c72777575
https://repo.anaconda.com/pkgs/main/linux-64/jansson-2.14-h5eee18b_1.conda#852537d568f5ed410a100d65424039dc
https://repo.anaconda.com/pkgs/main/linux-64/jpeg-9f-h5ce9db8_0.conda#0855a1b71f974bb7e026b268db851983
https://repo.anaconda.com/pkgs/main/linux-64/libbrotlicommon-1.0.9-h5eee18b_9.conda#afde6c5bb5f590a5b7199d1d8b3d1ad9
https://repo.anaconda.com/pkgs/main/linux-64/libdeflate-1.22-h5eee18b_0.conda#51297c5e50c5a5ecc8d5eb0883ff04bc
https://repo.anaconda.com/pkgs/main/linux-64/libev-4.33-h7f8727e_1.conda#5065620db4393fb549f30114a33897d1
https://repo.anaconda.com/pkgs/main/linux-64/libevent-2.1.12-hdbd6064_1.conda#99312bf9d90f1ea14534b40afb61ce63
https://repo.anaconda.com/pkgs/main/linux-64/libexpat-2.7.3-h7354ed3_4.conda#b5cca7a97838853de6117cfb71ed03fa
https://repo.anaconda.com/pkgs/main/linux-64/libgfortran-15.2.0-h166f726_7.conda#52c23eb64400224f6a46c7439bbbddce
https://repo.anaconda.com/pkgs/main/linux-64/libglvnd-1.7.0-h5eee18b_2.conda#f3eba19681d6f166f02a4004a8dac7d8
https://repo.anaconda.com/pkgs/main/linux-64/libiconv-1.16-h5eee18b_3.conda#197b1a0886a31fccab2167340528eebc
https://repo.anaconda.com/pkgs/main/linux-64/libnsl-2.0.0-h5eee18b_0.conda#55e3f1b0c2a70454cdf1a5d64fb44752
https://repo.anaconda.com/pkgs/main/linux-64/libopenjpeg-2.5.4-hee96239_1.conda#9bd858f798e2a84044a47c461c107908
https://repo.anaconda.com/pkgs/main/linux-64/libpciaccess-0.18-h5eee18b_0.conda#3fb177eab9ddfb4e4b94f2bef551e92a
https://repo.anaconda.com/pkgs/main/linux-64/libsodium-1.0.20-heac8642_0.conda#fc677dc4b0fa21d20589f8b2a2943ea5
https://repo.anaconda.com/pkgs/main/linux-64/libstdcxx-ng-15.2.0-hc03a8fd_7.conda#cf200522c0b13d64bf81035358d05f5b
https://repo.anaconda.com/pkgs/main/linux-64/libunistring-1.3-hb25bd0a_0.conda#46838e72a11b9934a5e4e40530018ccf
https://repo.anaconda.com/pkgs/main/linux-64/libuuid-1.41.5-h5eee18b_0.conda#4a6a2354414c9080327274aa514e5299
https://repo.anaconda.com/pkgs/main/linux-64/libzlib-1.3.1-hb25bd0a_0.conda#338ee51e19ee211b7fc994d4ba88c631
https://repo.anaconda.com/pkgs/main/linux-64/lmdb-0.9.31-hb25bd0a_0.conda#1468bc20414b0fa8eb1b18d3a916039f
https://repo.anaconda.com/pkgs/main/linux-64/mysql-common-9.3.0-h9e076cb_4.conda#88763ef85c5486145434667b8648d7c4
https://repo.anaconda.com/pkgs/main/linux-64/ncurses-6.5-h7934f7d_0.conda#0abfc090299da4bb031b84c64309757b
https://repo.anaconda.com/pkgs/main/linux-64/pthread-stubs-0.3-h0ce48e5_1.conda#973a642312d2a28927aaf5b477c67250
https://repo.anaconda.com/pkgs/main/linux-64/s2n-1.5.14-hdbd6064_0.conda#e6b3fabbbb57df11022c5fb1a3e7aa98
https://conda.anaconda.org/conda-forge/linux-64/typst-0.11.0-he8a937b_0.conda#f6ac8c8ab4a4c9ed0ec710e3f5fa3954
https://repo.anaconda.com/pkgs/main/linux-64/utf8proc-2.6.1-h5eee18b_1.conda#70584a9ac726e2f362e229edb7375da4
https://repo.anaconda.com/pkgs/main/linux-64/xorg-libxau-1.0.12-h9b100fa_0.conda#a8005a9f6eb903e113cd5363e8a11459
https://repo.anaconda.com/pkgs/main/linux-64/xorg-libxdmcp-1.1.5-h9b100fa_0.conda#c284a09ddfba81d9c4e740110f09ea06
https://repo.anaconda.com/pkgs/main/linux-64/xorg-libxshmfence-1.3.3-h9b100fa_0.conda#e11a74f4680d455c64f7d0f74266766e
https://repo.anaconda.com/pkgs/main/linux-64/xorg-xorgproto-2024.1-h5eee18b_1.conda#412a0d97a7a51d23326e57226189da92
https://repo.anaconda.com/pkgs/main/linux-64/xz-5.6.4-h5eee18b_1.conda#3581505fa450962d631bd82b8616350e
https://repo.anaconda.com/pkgs/main/linux-64/yaml-0.2.5-h7b6447c_0.conda#39fdbf4db769e494ffb06d95680c83d8
https://repo.anaconda.com/pkgs/main/linux-64/aom-3.12.1-h7934f7d_0.conda#b7f184d0c131fedfa12f4c582e8098b8
https://repo.anaconda.com/pkgs/main/linux-64/aws-c-cal-0.9.2-h3ff94e8_1.conda#01abff3c3cfcc6a89cfa17ac4c9d5dfb
https://repo.anaconda.com/pkgs/main/linux-64/aws-c-compression-0.3.1-hb25bd0a_2.conda#75a9f732f9f8fb6a3c98b15b3b473c13
https://repo.anaconda.com/pkgs/main/linux-64/aws-c-sdkutils-0.2.4-hb25bd0a_1.conda#ab7ea1335fe1fcf0f15c2c6e946687c9
https://repo.anaconda.com/pkgs/main/linux-64/aws-checksums-0.2.7-hb25bd0a_1.conda#61ad2181534a0ad5eeeadf7ce5a5f5f0
https://repo.anaconda.com/pkgs/main/linux-64/c-ares-1.34.5-hef5626c_0.conda#4a0059c416e26b3c5e8a8fdf11dfa811
https://conda.anaconda.org/conda-forge/linux-64/deno-dom-0.1.35-hd9586b0_1.conda#263ee0870b18b013d9ec8539113ac69f
https://repo.anaconda.com/pkgs/main/linux-64/expat-2.7.3-h7354ed3_4.conda#ab93756615e5932b7be64f44f57d9801
https://repo.anaconda.com/pkgs/main/linux-64/gflags-2.2.2-h6a678d5_1.conda#934362bfb503ed169413b0a209959fe7
https://repo.anaconda.com/pkgs/main/linux-64/graphite2-1.3.14-h295c915_1.conda#1939e8b3c03da6de2c021bd41aead9f9
https://repo.anaconda.com/pkgs/main/linux-64/icu-73.1-h6a678d5_0.conda#6d09df641fc23f7d277a04dc7ea32dd4
https://repo.anaconda.com/pkgs/main/linux-64/lerc-4.0.0-h6a678d5_0.conda#86429321752f28131f259bd4f4d2b9d4
https://repo.anaconda.com/pkgs/main/linux-64/libabseil-20250127.0-cxx17_h6a678d5_0.conda#61d01f0bb5a4f1c901e0a97e92b5d306
https://repo.anaconda.com/pkgs/main/linux-64/libbrotlidec-1.0.9-h5eee18b_9.conda#241d86e71dbf7fa7c80985dc29c45936
https://repo.anaconda.com/pkgs/main/linux-64/libbrotlienc-1.0.9-h5eee18b_9.conda#1cf80a144377c9206301a933c3101249
https://repo.anaconda.com/pkgs/main/linux-64/libdrm-2.4.124-h5eee18b_0.conda#bc0b730361c5dba0f15bdc2797e0f94d
https://repo.anaconda.com/pkgs/main/linux-64/libegl-1.7.0-h5eee18b_2.conda#0eadce0a2d6fb311004306f75266b0d3
https://repo.anaconda.com/pkgs/main/linux-64/libffi-3.4.4-h6a678d5_1.conda#70646cc713f0c43926cfdcfe9b695fe0
https://repo.anaconda.com/pkgs/main/linux-64/libgfortran-ng-15.2.0-h166f726_7.conda#7ec53b6e26052cbd81a768da1c037c0e
https://repo.anaconda.com/pkgs/main/linux-64/libkrb5-1.21.3-h520c7b4_4.conda#2beb165b5a6637a9d3ad5738a5e4eea5
https://repo.anaconda.com/pkgs/main/linux-64/libopengl-1.7.0-h5eee18b_2.conda#34bf1a62392483a069c9914f76154a5e
https://repo.anaconda.com/pkgs/main/linux-64/libxcb-1.17.0-h9b100fa_0.conda#fdf0d380fa3809a301e2dbc0d5183883
https://repo.anaconda.com/pkgs/main/linux-64/lz4-c-1.9.4-h6a678d5_1.conda#2ee58861f2b92b868ce761abb831819d
https://repo.anaconda.com/pkgs/main/linux-64/pixman-0.46.4-h7934f7d_0.conda#29bd118201b0e870691383553c2baf14
https://repo.anaconda.com/pkgs/main/linux-64/readline-8.3-hc2a1206_0.conda#8578e006d4ef5cb98a6cda232b3490f6
https://repo.anaconda.com/pkgs/main/linux-64/snappy-1.2.1-h6a678d5_0.conda#e8c664fa38ba48b095d8c7bb1d755c10
https://repo.anaconda.com/pkgs/main/linux-64/spirv-tools-2025.1-hdb19cb5_0.conda#0df29fcd8bee7fc5f183ea97b54f2433
https://repo.anaconda.com/pkgs/main/linux-64/xorg-libice-1.1.2-h9b100fa_0.conda#7a684ffa744044240b3061ad28531930
https://repo.anaconda.com/pkgs/main/linux-64/zeromq-4.3.5-hb0a5e54_1.conda#5ed4ea876122e1fdf315791f2afdd9cd
https://repo.anaconda.com/pkgs/main/linux-64/zlib-1.3.1-hb25bd0a_0.conda#9f3a877e5e0fa0fb39253a59ff824861
https://repo.anaconda.com/pkgs/main/linux-64/aws-c-io-0.21.4-h3eb0749_0.conda#5310d400995b0f4281487db9ec5b85fb
https://repo.anaconda.com/pkgs/main/linux-64/cyrus-sasl-2.1.28-h1110e0f_3.conda#a773713c183bba476dc2cdf46d33a552
https://repo.anaconda.com/pkgs/main/linux-64/glog-0.5.0-h6a678d5_1.conda#4cc83b6e8045c98f80bb74eb5a331e5b
https://repo.anaconda.com/pkgs/main/linux-64/libavif-1.3.0-h3539ee5_0.conda#10f8d9710de256874a14ceed165f08c4
https://repo.anaconda.com/pkgs/main/linux-64/libcups-2.4.15-hbe4054b_0.conda#b332df69f45fdeb48257ca4c31bbf300
https://repo.anaconda.com/pkgs/main/linux-64/libopenblas-0.3.30-h46f56fc_2.conda#d034d1566a03e464b350eea50a39fe40
https://repo.anaconda.com/pkgs/main/linux-64/libpng-1.6.50-h2ed474d_0.conda#e4dc59ce984d4e12c85d8368fbb35c4a
https://repo.anaconda.com/pkgs/main/linux-64/libprotobuf-5.29.3-h3cdef7c_1.conda#177327cddcee6ebc06d8136d20367a64
https://repo.anaconda.com/pkgs/main/linux-64/libre2-11-2024.07.02-h6a678d5_0.conda#5ed2920f4d705f948ab0109ca6f5192f
https://repo.anaconda.com/pkgs/main/linux-64/libssh2-1.11.1-h251f7ec_0.conda#dd68c24355431c0543339dda1404129d
https://repo.anaconda.com/pkgs/main/linux-64/libthrift-0.22.0-hd8eb582_0.conda#230b081e8a4505b02834777e94bff7f2
https://repo.anaconda.com/pkgs/main/linux-64/libxml2-2.13.9-h2c43086_0.conda#72d5d2d627dd9b7780781e7aa6a12689
https://repo.anaconda.com/pkgs/main/linux-64/pcre2-10.46-hf426167_0.conda#49c2031dcebd085e49c3aff84479e314
https://conda.anaconda.org/conda-forge/linux-64/quarto-1.5.57-ha770c72_1.conda#86a5cbf7c85cad8db8093fa8f156ed87
https://repo.anaconda.com/pkgs/main/linux-64/sqlite-3.51.0-h2a70700_0.conda#99a4278be9c6901ee6989b24fd213240
https://repo.anaconda.com/pkgs/main/linux-64/wayland-1.24.0-hdac8c69_0.conda#66d1382c147be8c4592522c4e17f3b3f
https://repo.anaconda.com/pkgs/main/linux-64/xcb-util-0.4.1-h5eee18b_2.conda#7ec0d47a4acda67329d5c747516b1f8b
https://repo.anaconda.com/pkgs/main/linux-64/xcb-util-keysyms-0.4.1-h5eee18b_0.conda#f3f57b900e170bd9add5f77f122603f2
https://repo.anaconda.com/pkgs/main/linux-64/xcb-util-renderutil-0.3.10-h5eee18b_0.conda#2cfefd0578954d74fb358151a78e803b
https://repo.anaconda.com/pkgs/main/linux-64/xcb-util-wm-0.4.2-h5eee18b_0.conda#f0dfbf7c56c87099c6c8db16150ab778
https://repo.anaconda.com/pkgs/main/linux-64/xorg-libsm-1.2.6-h9b100fa_0.conda#a1bf3d2a2c2e8d073f6e7524263a2dcb
https://repo.anaconda.com/pkgs/main/linux-64/xorg-libx11-1.8.12-h9b100fa_1.conda#6298b27afae6f49f03765b2a03df2fcb
https://repo.anaconda.com/pkgs/main/linux-64/zstd-1.5.7-h11fc155_0.conda#93b0e546434bfb874aeefd6bb6cf40bb
https://repo.anaconda.com/pkgs/main/linux-64/aws-c-event-stream-0.5.6-hb25bd0a_0.conda#8b4e2141417373ff1200e104e5f3b061
https://repo.anaconda.com/pkgs/main/linux-64/aws-c-http-0.10.4-hb25bd0a_0.conda#5a24b88ce0375770e07f13e628ceee26
https://repo.anaconda.com/pkgs/main/linux-64/dbus-1.16.2-h5bd4931_0.conda#4c4aef417b613e7111d90cf2348b231a
https://repo.anaconda.com/pkgs/main/linux-64/freetype-2.13.3-h4a9f257_0.conda#47113ca1b80dae5fcf0715571267fdef
https://repo.anaconda.com/pkgs/main/linux-64/gettext-0.21.0-hedfda30_2.conda#2428b016a86d039c07438cad7f1f878a
https://repo.anaconda.com/pkgs/main/linux-64/libglib-2.84.4-h77a78f3_0.conda#61115092da0d0cb8beacfa93324bf472
https://repo.anaconda.com/pkgs/main/linux-64/libglx-1.7.0-h5eee18b_2.conda#b6abf858983a525781ca1c16d10c102f
https://repo.anaconda.com/pkgs/main/linux-64/libllvm15-15.0.7-he89c38a_4.conda#36dd69148ac011ba6e1dae6977511632
https://repo.anaconda.com/pkgs/main/linux-64/libnghttp2-1.67.1-h697f920_0.conda#c509cea724fbc22300e5ce9ced97d569
https://repo.anaconda.com/pkgs/main/linux-64/libtiff-4.7.1-h029b1ac_0.conda#7d759d6ff8fd3887c4da4885d7013f11
https://repo.anaconda.com/pkgs/main/linux-64/mysql-libs-9.3.0-h6ecde68_4.conda#db7c4d1c2d5f91a26f02a31e7f0610e8
https://repo.anaconda.com/pkgs/main/linux-64/openldap-2.6.10-he9288cc_1.conda#282ca9344283e18dbf7f20eb5e02bfac
https://repo.anaconda.com/pkgs/main/linux-64/orc-2.2.0-h372e9aa_0.conda#4e9a374f3a7e7e326ad8a785ab59e903
https://repo.anaconda.com/pkgs/main/linux-64/re2-2024.07.02-hdb19cb5_0.conda#5aeac4f506fee4388076f7ee36e0f372
https://repo.anaconda.com/pkgs/main/linux-64/tk-8.6.15-h54e0aa7_0.conda#1fa91e0c4fc9c9435eda3f1a25a676fd
https://repo.anaconda.com/pkgs/main/linux-64/xcb-util-image-0.4.0-h5eee18b_2.conda#debf082ff02c2cd4d7293b950398b2c6
https://repo.anaconda.com/pkgs/main/linux-64/xkeyboard-config-2.44-h5eee18b_0.conda#5fe0fb20e4db2b20b7e91a6dc4b912f1
https://repo.anaconda.com/pkgs/main/linux-64/xorg-libxext-1.3.6-h9b100fa_0.conda#d810521a7b4a177fb3d1152cf84a778d
https://repo.anaconda.com/pkgs/main/linux-64/xorg-libxfixes-6.0.1-h9b100fa_0.conda#fa64eda9f118bbea3cd862ec85b0e630
https://repo.anaconda.com/pkgs/main/linux-64/xorg-libxrender-0.9.12-h9b100fa_0.conda#0556e5009c0a289293cffc9ad001809c
https://repo.anaconda.com/pkgs/main/linux-64/aws-c-auth-0.9.0-hb25bd0a_2.conda#afdfc5d9a7387b6de44739ec43144b22
https://repo.anaconda.com/pkgs/main/linux-64/aws-c-mqtt-0.13.3-hb25bd0a_0.conda#862eb5c223287d07cafb1100bb09d4ff
https://repo.anaconda.com/pkgs/main/linux-64/fontconfig-2.15.0-h2c49b7f_0.conda#8d78ed5cd682c8a74cd3298a5848eb13
https://repo.anaconda.com/pkgs/main/linux-64/lcms2-2.17-heab6991_0.conda#4bf53b39a7fade892df9e02d83cb052d
https://repo.anaconda.com/pkgs/main/linux-64/libgl-1.7.0-h5eee18b_2.conda#a24ab3a87b7dddb3dd9502b44d2c5238
https://repo.anaconda.com/pkgs/main/linux-64/libgrpc-1.71.0-h2d74bed_0.conda#9b1897f111d74cb578e061d184a9e86f
https://repo.anaconda.com/pkgs/main/linux-64/libidn2-2.3.8-hf80d704_0.conda#7ab70b332bb2df9ce90a1567126b5d2a
https://repo.anaconda.com/pkgs/main/linux-64/libpq-17.6-ha51bf15_0.conda#52eaf594b33f06a25f4cfb8b15950edf
https://repo.anaconda.com/pkgs/main/linux-64/libxkbcommon-1.9.1-h69220b7_0.conda#9463cf4b8ae22a220f3c5f9ea9d93d09
https://repo.anaconda.com/pkgs/main/linux-64/python-3.11.14-h6fa692b_0.conda#e140164db54305ebfaf96b85861db312
https://repo.anaconda.com/pkgs/main/linux-64/xcb-util-cursor-0.1.5-h5eee18b_0.conda#c1c5b71a2e34eaffa247b028dbf3f3e0
https://repo.anaconda.com/pkgs/main/linux-64/xorg-libxrandr-1.5.4-h9b100fa_0.conda#209eb994e75034ecc1eb525fe0e1cab4
https://repo.anaconda.com/pkgs/main/linux-64/xorg-libxxf86vm-1.1.6-h9b100fa_0.conda#7b0cc6ac9f7bf55cef8fa18e15ed020a
https://repo.anaconda.com/pkgs/main/linux-64/annotated-types-0.6.0-py311h06a4308_1.conda#c33d924b938d118ae0aa5702613f3e5e
https://repo.anaconda.com/pkgs/main/noarch/appdirs-1.4.4-pyhd3eb1b0_0.conda#5673d98d06171cb6eed03a6736845c4d
https://repo.anaconda.com/pkgs/main/linux-64/asttokens-3.0.0-py311h06a4308_0.conda#8f20a26200cd25bc2394ac243b5e94b4
https://repo.anaconda.com/pkgs/main/linux-64/async-lru-2.0.5-py311h06a4308_0.conda#82e994869fd9ed936fc44acd020e407d
https://repo.anaconda.com/pkgs/main/linux-64/attrs-25.4.0-py311h06a4308_2.conda#6ea8d08432238820089dd4fe16ccf4d4
https://repo.anaconda.com/pkgs/main/linux-64/aws-c-s3-0.8.7-h3ff94e8_0.conda#5004481bd4f50f0cb8bd6a348f0af588
https://repo.anaconda.com/pkgs/main/linux-64/babel-2.17.0-py311h06a4308_0.conda#7ee61e8692e8073fffc4ee997a7502f5
https://repo.anaconda.com/pkgs/main/linux-64/backports.tarfile-1.2.0-py311h06a4308_0.conda#9bd87f979c098bf2ea4d0982912d3c5e
https://repo.anaconda.com/pkgs/main/linux-64/boltons-25.0.0-py311h06a4308_0.conda#2185b2cf3d3758d02913f94d57d5aaaa
https://repo.anaconda.com/pkgs/main/linux-64/cairo-1.18.4-h44eff21_0.conda#0daa45e9fbc7b32c0ab8362209fddfc7
https://repo.anaconda.com/pkgs/main/linux-64/certifi-2025.11.12-py311h06a4308_0.conda#879c887960a227987464b426839cd8cb
https://repo.anaconda.com/pkgs/main/linux-64/charset-normalizer-3.4.4-py311h06a4308_0.conda#51b7dbb1f117100919581377de78d354
https://conda.anaconda.org/conda-forge/noarch/click-8.3.1-pyh8f84b5b_1.conda#ea8a6c3256897cc31263de9f455e25d9
https://repo.anaconda.com/pkgs/main/linux-64/comm-0.2.3-py311h06a4308_0.conda#3230c0839f43faa4f914175cd84f5202
https://repo.anaconda.com/pkgs/main/linux-64/crashtest-0.4.1-py311h06a4308_1.conda#71d706f1f434a8c3f19a5a58a494fa9a
https://repo.anaconda.com/pkgs/main/noarch/cycler-0.11.0-pyhd3eb1b0_0.conda#f5e365d2cdb66d547eb8c3ab93843aab
https://repo.anaconda.com/pkgs/main/linux-64/debugpy-1.8.16-py311hbdd6827_1.conda#3bbcaf5414392f699b7de7eb318a8256
https://repo.anaconda.com/pkgs/main/linux-64/decorator-5.2.1-py311h06a4308_0.conda#11b8d653ccbb5dfa67c1b3be6ad83e64
https://repo.anaconda.com/pkgs/main/noarch/defusedxml-0.7.1-pyhd3eb1b0_0.conda#d912068b0729930972adcaac338882c0
https://repo.anaconda.com/pkgs/main/linux-64/distlib-0.4.0-py311hee96239_0.conda#07eafef4c625c8376915f830d6fedbcd
https://repo.anaconda.com/pkgs/main/linux-64/executing-2.2.1-py311h06a4308_0.conda#93e88160b06d6123e3217b656a180eb2
https://repo.anaconda.com/pkgs/main/linux-64/filelock-3.20.0-py311h06a4308_0.conda#43dcf4f10c59d80c209050fc7cf3c4cb
https://repo.anaconda.com/pkgs/main/linux-64/fonttools-4.61.0-py311h47b2149_0.conda#f5b19feac86bf8387ba87ec5a21a1825
https://repo.anaconda.com/pkgs/main/linux-64/idna-3.11-py311h06a4308_0.conda#bdf5e2e716dc36f443d3973d73a3dea7
https://repo.anaconda.com/pkgs/main/linux-64/importlib_resources-6.5.2-py311h06a4308_0.conda#b69bafa03ef0e668129dfd11a369a859
https://repo.anaconda.com/pkgs/main/linux-64/iniconfig-2.1.0-py311h06a4308_0.conda#47d1a28d5799f0cff59cbcba977f6008
https://repo.anaconda.com/pkgs/main/noarch/ipython_genutils-0.2.0-pyhd3eb1b0_1.conda#553832c0b872a28088a0001fa2ba3822
https://repo.anaconda.com/pkgs/main/noarch/jeepney-0.7.1-pyhd3eb1b0_0.conda#f115ef0af90b59f35ef56743955979a4
https://repo.anaconda.com/pkgs/main/linux-64/joblib-1.5.2-py311h06a4308_0.conda#8d085595122389f057072f77f4f0f6c1
https://repo.anaconda.com/pkgs/main/linux-64/json5-0.12.1-py311h06a4308_0.conda#544acf11629b2034556a18346d9ffd91
https://repo.anaconda.com/pkgs/main/linux-64/jupyterlab_widgets-3.0.15-py311h06a4308_0.conda#48599b302dcc321014cd17d55f05f82a
https://repo.anaconda.com/pkgs/main/linux-64/kiwisolver-1.4.9-py311h24d9097_0.conda#6b8c785b77fff637b4899c9079fe9dc1
https://repo.anaconda.com/pkgs/main/linux-64/libcurl-8.16.0-heebcbe5_0.conda#81b2edf1cf80820ca4ad1481e8f049d8
https://repo.anaconda.com/pkgs/main/linux-64/markupsafe-3.0.2-py311h5eee18b_0.conda#42511bb05fa3d128bd6f669a074467a8
https://repo.anaconda.com/pkgs/main/linux-64/mesalib-25.1.5-h31e3550_0.conda#65e715d91084a3bb9b1b4f928f9f09cd
https://repo.anaconda.com/pkgs/main/linux-64/mistune-3.1.2-py311h06a4308_0.conda#61fb12b0677918bcb40fed14ba5b01c7
https://repo.anaconda.com/pkgs/main/linux-64/more-itertools-10.8.0-py311h06a4308_0.conda#3cf4c9d723114e2f2e06e102a50a45bd
https://repo.anaconda.com/pkgs/main/linux-64/msgpack-python-1.1.1-py311h6a678d5_0.conda#678d765067fa1fe718141e78fa1868ee
https://repo.anaconda.com/pkgs/main/linux-64/mypy_extensions-1.0.0-py311h06a4308_0.conda#85a4d612721f55e6eea7449332fd65b8
https://repo.anaconda.com/pkgs/main/linux-64/narwhals-2.7.0-py311h06a4308_0.conda#7c3190c5c453b4193a8acc95886390b4
https://repo.anaconda.com/pkgs/main/linux-64/nest-asyncio-1.6.0-py311h06a4308_0.conda#151eac993c7a5795576cd98fd51b963a
https://repo.anaconda.com/pkgs/main/linux-64/numpy-base-1.26.4-py311hf387b04_1.conda#b3f0ee3fd2a88009db3386ee8c642f5e
https://repo.anaconda.com/pkgs/main/linux-64/overrides-7.7.0-py311h06a4308_0.conda#5fcd64a7830a48cc2a4d230a84e87490
https://repo.anaconda.com/pkgs/main/linux-64/packaging-25.0-py311h06a4308_1.conda#1193172ed9b43ea79f35a54ba9d4a653
https://repo.anaconda.com/pkgs/main/linux-64/pandocfilters-1.5.1-py311h06a4308_0.conda#eb2ff9c2e6ad451225880f2036bc6c44
https://repo.anaconda.com/pkgs/main/linux-64/parso-0.8.5-py311h06a4308_0.conda#e81a3f52a8f3821cd364dbbb2fd0cc4d
https://repo.anaconda.com/pkgs/main/linux-64/pkginfo-1.12.1.2-py311h06a4308_0.conda#f643f6ae4b4789468da563e71a37b6f5
https://repo.anaconda.com/pkgs/main/linux-64/platformdirs-4.5.0-py311h06a4308_0.conda#081c1f09204d5edb6812d51908651d3b
https://repo.anaconda.com/pkgs/main/linux-64/pluggy-1.5.0-py311h06a4308_0.conda#40f6f87f97935339a088ce99b8d84d63
https://repo.anaconda.com/pkgs/main/linux-64/prometheus_client-0.21.1-py311h06a4308_0.conda#bced8d0966125ede21774f8c0cd7d682
https://repo.anaconda.com/pkgs/main/linux-64/protobuf-5.29.3-py311he621ea3_0.conda#fa0be7027073515ef8601777cc0ff714
https://repo.anaconda.com/pkgs/main/linux-64/psutil-7.0.0-py311hee96239_1.conda#b812be91ca7b6e2bad382688bed10c43
https://repo.anaconda.com/pkgs/main/noarch/ptyprocess-0.7.0-pyhd3eb1b0_3.conda#f50f8c0bccb614213191c4aaa854e76f
https://repo.anaconda.com/pkgs/main/linux-64/pure_eval-0.2.3-py311h06a4308_0.conda#c65e6f972248e5b8990b1e2eeedf46e7
https://repo.anaconda.com/pkgs/main/linux-64/pycparser-2.23-py311h06a4308_0.conda#3ff47f4fb6f32096507de753e14dff4c
https://repo.anaconda.com/pkgs/main/linux-64/pygments-2.19.2-py311h06a4308_0.conda#c1319fe5f3180365de863e6f56b0f06c
https://repo.anaconda.com/pkgs/main/linux-64/pyparsing-3.2.5-py311h06a4308_0.conda#323578a2b50c58fbef0fb54fd13e1623
https://repo.anaconda.com/pkgs/main/linux-64/pyproject_hooks-1.2.0-py311h06a4308_1.conda#c83c688edd6371e00b91090f26d9919f
https://repo.anaconda.com/pkgs/main/linux-64/pyqt6-sip-13.10.2-py311hee96239_0.conda#7457735453ad3112aaa0c42850c9463d
https://repo.anaconda.com/pkgs/main/linux-64/pysocks-1.7.1-py311h06a4308_1.conda#b0d362cbfdc96e25d894505cc2a9b0b1
https://repo.anaconda.com/pkgs/main/linux-64/python-fastjsonschema-2.21.2-py311h06a4308_0.conda#0b6b37e6b63ea034bf8c3a78bcf9cf29
https://repo.anaconda.com/pkgs/main/noarch/python-installer-0.7.0-pyhd3eb1b0_1.conda#e6e9eebc3f5a566edd993f3de7f21e01
https://repo.anaconda.com/pkgs/main/linux-64/python-json-logger-4.0.0-py311h06a4308_0.conda#da7bfe10b04b51a995e0fc95c67152e6
https://repo.anaconda.com/pkgs/main/noarch/python-tzdata-2025.2-pyhd3eb1b0_0.conda#5ac858f05dbf9d3cdb04d53516901247
https://repo.anaconda.com/pkgs/main/linux-64/pytz-2025.2-py311h06a4308_0.conda#ad31c6f4b7b1195cc69ad549fc09c939
https://repo.anaconda.com/pkgs/main/linux-64/pyyaml-6.0.3-py311h591646f_0.conda#c40361e70cccc5a3fa57dc05032fb9cc
https://repo.anaconda.com/pkgs/main/linux-64/pyzmq-27.1.0-py311hcf8288c_1.conda#8261eff3db5750d55dde381302f5ebcc
https://repo.anaconda.com/pkgs/main/linux-64/rfc3986-validator-0.1.1-py311h06a4308_0.conda#aca87e6bcef39ea91400d7d7e7fb95bd
https://repo.anaconda.com/pkgs/main/linux-64/rpds-py-0.28.0-py311h498d7c9_0.conda#f00d859b2df8827be50d3ed4f2093123
https://repo.anaconda.com/pkgs/main/linux-64/ruamel.yaml.clib-0.2.14-py311h4aee224_0.conda#bf272a916888a5ab5aa6a3e51e392740
https://repo.anaconda.com/pkgs/main/linux-64/semver-3.0.4-py311h06a4308_0.conda#4d29130f1a8c412644dccd2c5f8c4b4b
https://repo.anaconda.com/pkgs/main/linux-64/send2trash-1.8.2-py311h06a4308_1.conda#9e733c0bdc5b3542ec7a132d746c6a56
https://repo.anaconda.com/pkgs/main/linux-64/setuptools-80.9.0-py311h06a4308_0.conda#fcc6f2df1e4da9bc315e59c526432a9f
https://repo.anaconda.com/pkgs/main/linux-64/shellingham-1.5.4-py311h06a4308_0.conda#e87c0676fa72660899176011ce7aba3b
https://repo.anaconda.com/pkgs/main/linux-64/six-1.17.0-py311h06a4308_0.conda#8bc537721b06c41c1e820ba179b376fd
https://repo.anaconda.com/pkgs/main/linux-64/smmap-5.0.2-py311h06a4308_0.conda#2dfbcc2335326b0c259afa58bc28f43a
https://repo.anaconda.com/pkgs/main/linux-64/sniffio-1.3.1-py311h06a4308_0.conda#112d7c90faae3a4933c0e56b6197980f
https://repo.anaconda.com/pkgs/main/linux-64/soupsieve-2.5-py311h06a4308_0.conda#6488a97c1367af8f28dbcb6818cc652b
https://repo.anaconda.com/pkgs/main/linux-64/tabulate-0.9.0-py311h06a4308_0.conda#585267891bac1c8911c15a53eff88d27
https://repo.anaconda.com/pkgs/main/linux-64/threadpoolctl-3.5.0-py311h7040dfc_1.conda#51d3b474d193ba6821113ec4117d4d74
https://repo.anaconda.com/pkgs/main/linux-64/tomli-2.2.1-py311h06a4308_0.conda#a6ef9720fa67ee6a400e54d4a75b1d4f
https://repo.anaconda.com/pkgs/main/linux-64/tomlkit-0.13.3-py311h06a4308_0.conda#64c7202e6613e06016d248cf08b20fde
https://repo.anaconda.com/pkgs/main/linux-64/tornado-6.5.1-py311h5eee18b_0.conda#c91e43c5152e1e9b9418474b3e37fb79
https://repo.anaconda.com/pkgs/main/linux-64/traitlets-5.7.1-py311h06a4308_0.conda#618abdcd1e39f748168c1a951791227e
https://repo.anaconda.com/pkgs/main/linux-64/trove-classifiers-2025.5.9.12-py311h06a4308_0.conda#d22c5dd99e687b20fcf6ed4c419272ea
https://repo.anaconda.com/pkgs/main/linux-64/typing_extensions-4.15.0-py311h06a4308_0.conda#6e49e3fcb2aabdfb061454822eff04c2
https://conda.anaconda.org/conda-forge/linux-64/vegafusion-python-embed-1.6.9-py311h5fab662_3.conda#8b2e934d58cf4045cf49bbf41d72db88
https://conda.anaconda.org/conda-forge/linux-64/vl-convert-python-1.8.0-py311h49ec1c0_1.conda#521282f4c182c7fc88345ffde079faee
https://repo.anaconda.com/pkgs/main/linux-64/wcwidth-0.2.13-py311h06a4308_0.conda#728e0374f00ee52d4a253158b88ef996
https://repo.anaconda.com/pkgs/main/linux-64/webencodings-0.5.1-py311h06a4308_1.conda#6018ed8d17895b6f25113820aefae941
https://repo.anaconda.com/pkgs/main/linux-64/websocket-client-1.8.0-py311h06a4308_0.conda#7f0de264440f4b49bb04f67ba423ed79
https://repo.anaconda.com/pkgs/main/linux-64/wheel-0.45.1-py311h06a4308_0.conda#7b4e94840008c93c945377afd3629a1c
https://repo.anaconda.com/pkgs/main/linux-64/widgetsnbextension-4.0.14-py311h06a4308_0.conda#e4ed4de5d153fbcb94bc0025501c492c
https://repo.anaconda.com/pkgs/main/linux-64/wrapt-2.0.1-py311h47b2149_0.conda#108a46dc3cc38c86b0bff16a4d8c428e
https://repo.anaconda.com/pkgs/main/linux-64/xyzservices-2025.4.0-py311h06a4308_0.conda#bd7de5678ec4d4282907cdc9aeb120a6
https://repo.anaconda.com/pkgs/main/linux-64/zipp-3.23.0-py311h06a4308_0.conda#cb4fea91b912537880db96022e099b6a
https://repo.anaconda.com/pkgs/main/linux-64/anyio-4.10.0-py311h06a4308_0.conda#2b3942ff00cf0bed06c591c0aca8e000
https://repo.anaconda.com/pkgs/main/linux-64/aws-crt-cpp-0.34.0-h7934f7d_0.conda#2235812192b9644464962581706cbf65
https://repo.anaconda.com/pkgs/main/linux-64/cffi-2.0.0-py311h4eded50_1.conda#cffda1144d78afad4a1f1da9fa535b8c
https://repo.anaconda.com/pkgs/main/linux-64/click-default-group-1.2.2-py311h06a4308_0.conda#6d15c5383bd67509b4369c48ef5cdc42
https://repo.anaconda.com/pkgs/main/linux-64/gitdb-4.0.12-py311h06a4308_0.conda#20956899f7cb4263d9e43a63e95c4107
https://repo.anaconda.com/pkgs/main/linux-64/harfbuzz-10.2.0-hdfddeaa_1.conda#c262b9a7ea91f66ba2da38c5572d74fa
https://repo.anaconda.com/pkgs/main/noarch/html5lib-1.1-pyhd3eb1b0_0.conda#24c4f675dfc77f9d1ae6cd3c33731c3c
https://repo.anaconda.com/pkgs/main/linux-64/importlib-metadata-8.7.0-py311h06a4308_0.conda#2c77768c51177d57bd9b8c62ce4267d9
https://repo.anaconda.com/pkgs/main/linux-64/jaraco.classes-3.4.0-py311h06a4308_0.conda#fed69e932dfae6bf5c6a9fcc4d045e04
https://repo.anaconda.com/pkgs/main/linux-64/jaraco.context-6.0.0-py311h06a4308_0.conda#a48af1d9d4778b6e972bbdb593727bd1
https://repo.anaconda.com/pkgs/main/linux-64/jaraco.functools-4.1.0-py311h06a4308_0.conda#af61652f6127c8aaf234df0a85c6f597
https://repo.anaconda.com/pkgs/main/linux-64/jedi-0.19.2-py311h06a4308_0.conda#84532b7a54a9cdbc793521434c51e5f5
https://repo.anaconda.com/pkgs/main/linux-64/jinja2-3.1.6-py311h06a4308_0.conda#c0f497b47ddf3b127dd2620bd184d8b3
https://repo.anaconda.com/pkgs/main/linux-64/jupyter_core-5.9.1-py311h06a4308_0.conda#48197d4f0e0ca59f88a6c8d0d61959d1
https://repo.anaconda.com/pkgs/main/linux-64/jupyterlab_pygments-0.3.0-py311h06a4308_0.conda#a4264e47fde645974b67cbc8b9db4649
https://repo.anaconda.com/pkgs/main/linux-64/matplotlib-inline-0.2.1-py311h06a4308_0.conda#19d9347315793b3f083129300f15a75d
https://conda.anaconda.org/conda-forge/noarch/mercantile-1.2.1-pyhd8ed1ab_1.conda#9820756deea38bd213240fd0556d44b8
https://repo.anaconda.com/pkgs/main/linux-64/numpy-1.26.4-py311hc213724_1.conda#e5de985568faf7982bd4d3b8dc5382ba
https://repo.anaconda.com/pkgs/main/linux-64/pexpect-4.9.0-py311h06a4308_1.conda#d526c39fb59cf3396970c5ef2a456bb1
https://repo.anaconda.com/pkgs/main/noarch/pip-25.3-pyhc872135_0.conda#f713912a259ec613b3832c3bc842e9d4
https://repo.anaconda.com/pkgs/main/linux-64/prompt-toolkit-3.0.52-py311h06a4308_1.conda#2bc2ecc285c3e5bda8e51824d331f07c
https://repo.anaconda.com/pkgs/main/linux-64/psygnal-0.12.0-py311h06a4308_0.conda#678c83f81f2a1787c5d01033b789ade8
https://repo.anaconda.com/pkgs/main/linux-64/pytest-8.4.2-py311h06a4308_0.conda#c6d273eb5e74dc346f9912258ba4b686
https://repo.anaconda.com/pkgs/main/linux-64/python-build-1.3.0-py311h06a4308_1.conda#3fe5d015aacda4717c3950a0654dc28b
https://repo.anaconda.com/pkgs/main/linux-64/python-dateutil-2.9.0post0-py311h06a4308_2.conda#486d4dbc1cd7e10dd4ebcace78db7cfe
https://repo.anaconda.com/pkgs/main/linux-64/referencing-0.37.0-py311h06a4308_0.conda#c37e4741fef937e9323828667097879a
https://repo.anaconda.com/pkgs/main/linux-64/rfc3339-validator-0.1.4-py311h06a4308_0.conda#16e477033a0efb7e13b0bd0f235efc3f
https://repo.anaconda.com/pkgs/main/linux-64/ruamel.yaml-0.18.16-py311h4aee224_0.conda#101a4498c3e8355261bdcca4291127d7
https://repo.anaconda.com/pkgs/main/linux-64/sip-6.12.0-py311h7934f7d_0.conda#b10024ae2b94923eb3342e4ec9b5ba72
https://repo.anaconda.com/pkgs/main/linux-64/stack_data-0.6.3-py311h06a4308_0.conda#1f0877737795d7acb0ce84d204ed9f65
https://repo.anaconda.com/pkgs/main/linux-64/terminado-0.17.1-py311h06a4308_0.conda#71188205b69c392c495c1249de3447f5
https://repo.anaconda.com/pkgs/main/linux-64/tinycss2-1.4.0-py311h06a4308_0.conda#f0b3164b717bc1e9ed9a535c1a936c6a
https://repo.anaconda.com/pkgs/main/linux-64/typing-extensions-4.15.0-py311h06a4308_0.conda#6963d52e40d715b1c38e75dabd88f70d
https://repo.anaconda.com/pkgs/main/linux-64/typing-inspection-0.4.2-py311h06a4308_0.conda#8136b7624d508286f4a9edf81435cbca
https://repo.anaconda.com/pkgs/main/linux-64/typing_inspect-0.9.0-py311h06a4308_0.conda#4bc59b9a73fb8715ecc6f0e80273c506
https://repo.anaconda.com/pkgs/main/linux-64/virtualenv-20.28.0-py311h06a4308_0.conda#3d1d8e2de4ea024c1bd226e79134e527
https://repo.anaconda.com/pkgs/main/linux-64/argon2-cffi-bindings-25.1.0-py311hee96239_0.conda#4de6cad4fe63b22917af85f0d9e9a7ca
https://repo.anaconda.com/pkgs/main/linux-64/aws-sdk-cpp-1.11.638-hac3f51a_0.conda#3bb3d838c2bedf28f735eec70be5f990
https://repo.anaconda.com/pkgs/main/linux-64/beautifulsoup4-4.14.2-py311h06a4308_0.conda#f6bfd6601a15b872971a2345e62efcd7
https://repo.anaconda.com/pkgs/main/linux-64/bleach-6.3.0-py311h06a4308_0.conda#5e962d4491dfb0898bbeab835587033b
https://repo.anaconda.com/pkgs/main/linux-64/bottleneck-1.4.2-py311haa0f9ac_1.conda#074769657781230c4a7d9cb5f7519991
https://repo.anaconda.com/pkgs/main/linux-64/brotlicffi-1.2.0.0-py311h7354ed3_0.conda#002635387cd25c3816185b7a9eb6185e
https://repo.anaconda.com/pkgs/main/linux-64/contourpy-1.3.3-py311hdb19cb5_0.conda#91112b63ca4608b0fba1f9eadec836f6
https://repo.anaconda.com/pkgs/main/linux-64/cryptography-46.0.3-py311h0a354b3_0.conda#a352c1f7e0d0c747285573c39cba8637
https://repo.anaconda.com/pkgs/main/linux-64/gitpython-3.1.45-py311h06a4308_0.conda#1ce52c69daa145e05fb20203fa57b6d0
https://repo.anaconda.com/pkgs/main/noarch/importlib_metadata-8.7.0-hd3eb1b0_0.conda#9680ca78c33020ebf621e47a4a8e2dc0
https://repo.anaconda.com/pkgs/main/linux-64/jsonschema-specifications-2025.9.1-py311h06a4308_0.conda#16f27e5bce27516bdbc5a95048c40641
https://repo.anaconda.com/pkgs/main/linux-64/jupyter_client-8.6.3-py311h06a4308_1.conda#f9980f54fc41ddc67bd1afe6666922dc
https://repo.anaconda.com/pkgs/main/linux-64/jupyter_server_terminals-0.5.3-py311h06a4308_0.conda#4851bf39f79d0d7a39cd60194b2af6cc
https://repo.anaconda.com/pkgs/main/linux-64/numexpr-2.14.1-py311ha5a4a6c_0.conda#4a84259fb112d928a0a6a942b1a3a12d
https://repo.anaconda.com/pkgs/main/linux-64/patsy-1.0.1-py311h06a4308_0.conda#ac79faed09f936c6be3d485225b20e3e
https://repo.anaconda.com/pkgs/main/linux-64/pillow-12.0.0-py311h3b88751_1.conda#a7655aca4882ab025227e67b31dfda2a
https://repo.anaconda.com/pkgs/main/noarch/prompt_toolkit-3.0.52-hd3eb1b0_1.conda#446203e5c534c79b7f50c217c76dd460
https://repo.anaconda.com/pkgs/main/linux-64/pydantic-core-2.41.5-py311h498d7c9_1.conda#fd7e1437ba029525bea3a4c591a2254d
https://repo.anaconda.com/pkgs/main/linux-64/qtbase-6.9.2-hd13baf8_5.conda#c59bb79ec3ac46fc85554780bd68e172
https://repo.anaconda.com/pkgs/main/linux-64/scipy-1.16.3-py311he2bc341_0.conda#e7b5dca5917e6da34483a504854e47fd
https://repo.anaconda.com/pkgs/main/linux-64/typeguard-4.4.4-py311h06a4308_0.conda#dd6558f09ace33060fa127b40c7a3978
https://repo.anaconda.com/pkgs/main/linux-64/zstandard-0.24.0-py311h3d778a8_0.conda#9f304156864132b17e5ce4dafeab286b
https://repo.anaconda.com/pkgs/main/noarch/argon2-cffi-21.3.0-pyhd3eb1b0_0.conda#f00b851bc61b4c313903d31c7daecb09
https://repo.anaconda.com/pkgs/main/linux-64/arrow-cpp-21.0.0-hac1acdb_1.conda#e41a0f61979b806c09f68308ee389c23
https://repo.anaconda.com/pkgs/main/linux-64/ipython-8.20.0-py311h06a4308_0.conda#26478dd4cc0cd144a06b0f1574e47458
https://repo.anaconda.com/pkgs/main/linux-64/jsonschema-4.25.0-py311h06a4308_1.conda#606fb9af3f4b25ecbcdfa2ebe5d95f55
https://repo.anaconda.com/pkgs/main/linux-64/matplotlib-base-3.10.6-py311h71dd3da_1.conda#28c9af54c506a7bd659482e0b9b901fd
https://repo.anaconda.com/pkgs/main/linux-64/pandas-2.3.3-py311h23c847b_1.conda#68177454ff3a927f638c2ce063b41c32
https://repo.anaconda.com/pkgs/main/linux-64/pydantic-2.12.4-py311h06a4308_0.conda#e9698f5071fe7a6197d5ac02f0fec763
https://repo.anaconda.com/pkgs/main/linux-64/qtsvg-6.9.2-h75a08ff_1.conda#697db1dddc7dc96bcf5569b4cffe7d98
https://repo.anaconda.com/pkgs/main/linux-64/scikit-learn-1.7.2-py311h86c3e14_1.conda#d31fd05bf3d8125e597b156594e4cd28
https://repo.anaconda.com/pkgs/main/linux-64/secretstorage-3.4.0-py311h3e8c6aa_0.conda#3e2462a9343f5b81ca92c84cd3e1394d
https://repo.anaconda.com/pkgs/main/linux-64/urllib3-2.6.1-py311h06a4308_0.conda#5fe588079969bcd687209b823c6f59bc
https://conda.anaconda.org/conda-forge/noarch/altair-5.4.1-pyhd8ed1ab_3.conda#1023b24b9c859bf5d9223a202d7e58b9
https://repo.anaconda.com/pkgs/main/linux-64/dulwich-0.22.7-py311h4aa5aa6_0.conda#06e60d4ce9c797e49b29c31cfb0a8f97
https://repo.anaconda.com/pkgs/main/linux-64/ipykernel-6.31.0-py311h7040dfc_0.conda#09ea404379befec67184e83acb01bd78
https://repo.anaconda.com/pkgs/main/linux-64/ipywidgets-8.1.7-py311h06a4308_0.conda#8a833bfd73595335f5fdf0c8068e9630
https://repo.anaconda.com/pkgs/main/linux-64/jupyter_events-0.12.0-py311h06a4308_0.conda#f3c5de68e15ba1bdf94adde465b245e3
https://repo.anaconda.com/pkgs/main/linux-64/keyring-25.7.0-py311h06a4308_0.conda#933357eb7c34f4d70b365656af6e4517
https://repo.anaconda.com/pkgs/main/linux-64/nbformat-5.10.4-py311h06a4308_0.conda#11451ebfd8b9ce9c222d5b0d5a7f7e3c
https://conda.anaconda.org/conda-forge/noarch/pandera-base-0.27.0-pyhd8ed1ab_0.conda#ecc2ec67de8b067093567ba3bec6b306
https://repo.anaconda.com/pkgs/main/linux-64/pyarrow-21.0.0-py311h86c3e14_1.conda#5b54087fe7d16a974ac6bb14e1746f08
https://repo.anaconda.com/pkgs/main/linux-64/qtdeclarative-6.9.2-h55666de_1.conda#2714d90e3b0306ce9418bb24cc51d74b
https://repo.anaconda.com/pkgs/main/linux-64/requests-2.32.5-py311h06a4308_1.conda#93597221edc48623782a25a1af3e5c18
https://repo.anaconda.com/pkgs/main/linux-64/seaborn-0.13.2-py311h06a4308_3.conda#17d4ea7a97244e7b1f801d1a73d6517b
https://repo.anaconda.com/pkgs/main/linux-64/statsmodels-0.14.5-py311h76ea63d_0.conda#42df318bade64e3272814eff1f7a0311
https://conda.anaconda.org/conda-forge/noarch/altair_tiles-0.4.0-pyhd8ed1ab_0.conda#591c8aed9f840a2a17202f2b9f93329b
https://repo.anaconda.com/pkgs/main/linux-64/anywidget-0.9.18-py311h06a4308_0.conda#00f12134bec73b2ef474a74cbaa430a1
https://repo.anaconda.com/pkgs/main/linux-64/cachecontrol-0.14.3-py311h06a4308_0.conda#049569b17dda841af639082643d4a09f
https://repo.anaconda.com/pkgs/main/linux-64/ensureconda-1.4.7-py311h06a4308_0.conda#d56d52df5d6533d914486c2d09ddb69f
https://repo.anaconda.com/pkgs/main/linux-64/nbclient-0.10.2-py311h06a4308_0.conda#9ccfbe7ed0d1ac50aaf423e7923958c2
https://conda.anaconda.org/conda-forge/noarch/pandera-0.27.0-hd8ed1ab_0.conda#25713473a96356b4aca1e91587a9060d
https://repo.anaconda.com/pkgs/main/linux-64/qttools-6.9.2-hc856bc8_1.conda#2e6828df5672eb378a6e1fff0ea97ea2
https://repo.anaconda.com/pkgs/main/linux-64/qtwayland-6.9.2-h9f1b7ec_1.conda#4518cd80bdad80b3b7655a4dc7e82772
https://repo.anaconda.com/pkgs/main/linux-64/qtwebchannel-6.9.2-hbdd6827_1.conda#4c57288d12fe3deb6cda7ad4992a8700
https://repo.anaconda.com/pkgs/main/linux-64/qtwebsockets-6.9.2-hbdd6827_1.conda#cd1d841ad11abc2c98874acf167bcb29
https://repo.anaconda.com/pkgs/main/linux-64/requests-toolbelt-1.0.0-py311h06a4308_0.conda#53b9b999d06502302fcabedc60184654
https://conda.anaconda.org/conda-forge/noarch/vegafusion-1.6.9-pyhd8ed1ab_0.conda#6aa7e1d32c66d32b86800e61601ba5c6
https://conda.anaconda.org/conda-forge/noarch/altair-all-5.4.1-pyhd8ed1ab_3.conda#acf4dd481bfb1b9fdceff37dcd4243e5
https://repo.anaconda.com/pkgs/main/linux-64/cachecontrol-with-filecache-0.14.3-py311h06a4308_0.conda#4fb1b18159a4bc3938c111a3b848007f
https://repo.anaconda.com/pkgs/main/linux-64/nbconvert-core-7.16.6-py311h06a4308_0.conda#2217e57dead18100ca99da735493faad
https://repo.anaconda.com/pkgs/main/linux-64/pyqt-6.9.1-py311hc79087c_0.conda#caa6f93b67323528fcc93c14bc5375d7
https://repo.anaconda.com/pkgs/main/linux-64/conda-lock-3.0.4-py311h06a4308_0.conda#e5716650f25fe67371a819674239c312
https://repo.anaconda.com/pkgs/main/linux-64/jupyter_server-2.17.0-py311h06a4308_0.conda#908e52c17cee60e45e25746eaabc9f24
https://repo.anaconda.com/pkgs/main/linux-64/matplotlib-3.10.6-py311h06a4308_1.conda#76f163d7fa3d420b47f793d6308f8c05
https://repo.anaconda.com/pkgs/main/linux-64/jupyter-lsp-2.2.5-py311h06a4308_0.conda#06c3cdcdef9a8249462b8009b9f817da
https://repo.anaconda.com/pkgs/main/linux-64/jupyterlab_server-2.28.0-py311h06a4308_0.conda#6e9ef8d6b569faad23d361f0fbd3d8f0
https://repo.anaconda.com/pkgs/main/linux-64/notebook-shim-0.2.4-py311h06a4308_0.conda#2aad73f7eb5e3513f8ac2c7d5d06e22f
https://conda.anaconda.org/conda-forge/noarch/jupyterlab-4.0.2-pyhd8ed1ab_0.conda#8e102bf37f10dd49c248910450242a19
https://repo.anaconda.com/pkgs/main/linux-64/nbclassic-1.3.3-py311h06a4308_0.conda#d9108cf547a653cd8c5ba458d4021fd2
https://conda.anaconda.org/conda-forge/noarch/notebook-6.5.4-pyha770c72_0.conda#ec4ce3ce0a55ce21b6f5b86049b97af9
# pip jsonpickle @ https://files.pythonhosted.org/packages/c1/73/04df8a6fa66d43a9fd45c30f283cc4afff17da671886e451d52af60bdc7e/jsonpickle-4.1.1-py3-none-any.whl#sha256=bb141da6057898aa2438ff268362b126826c812a1721e31cf08a6e142910dc91
# pip mistune @ https://files.pythonhosted.org/packages/7a/f0/8282d9641415e9e33df173516226b404d367a0fc55e1a60424a152913abc/mistune-3.1.4-py3-none-any.whl#sha256=93691da911e5d9d2e23bc54472892aff676df27a75274962ff9edc210364266d
# pip prometheus-client @ https://files.pythonhosted.org/packages/b8/db/14bafcb4af2139e046d03fd00dea7873e48eafe18b7d2797e73d6681f210/prometheus_client-0.23.1-py3-none-any.whl#sha256=dd1913e6e76b59cfe44e7a4b83e01afc9873c1bdfd2ed8739f1e76aeca115f99
# pip send2trash @ https://files.pythonhosted.org/packages/40/b0/4562db6223154aa4e22f939003cb92514c79f3d4dccca3444253fd17f902/Send2Trash-1.8.3-py3-none-any.whl#sha256=0c31227e0bd08961c7665474a3d1ef7193929fedda4233843689baa056be46c9
# pip soupsieve @ https://files.pythonhosted.org/packages/14/a0/bb38d3b76b8cae341dad93a2dd83ab7462e6dbcdd84d43f54ee60a8dc167/soupsieve-2.8-py3-none-any.whl#sha256=0cc76456a30e20f5d7f2e14a98a4ae2ee4e5abdc7c5ea0aafe795f344bc7984c
# pip tqdm @ https://files.pythonhosted.org/packages/d0/30/dc54f88dd4a2b5dc8a0279bdd7270e735851848b762aeb1c1184ed1f6b14/tqdm-4.67.1-py3-none-any.whl#sha256=26445eca388f82e72884e0d580d5464cd801a3ea01e63e5601bdff9ba6a48de2
# pip websocket-client @ https://files.pythonhosted.org/packages/34/db/b10e48aa8fff7407e67470363eac595018441cf32d5e1001567a7aeba5d2/websocket_client-1.9.0-py3-none-any.whl#sha256=af248a825037ef591efbf6ed20cc5faa03d3b47b9e5a2230a529eeee1c1fc3ef
# pip anyio @ https://files.pythonhosted.org/packages/15/b3/9b1a8074496371342ec1e796a96f99c82c945a339cd81a8e73de28b4cf9e/anyio-4.11.0-py3-none-any.whl#sha256=0287e96f4d26d4149305414d4e3bc32f0dcd0862365a4bddea19d7a1ec38c4fc
# pip argon2-cffi @ https://files.pythonhosted.org/packages/4f/d3/a8b22fa575b297cd6e3e3b0155c7e25db170edf1c74783d6a31a2490b8d9/argon2_cffi-25.1.0-py3-none-any.whl#sha256=fdc8b074db390fccb6eb4a3604ae7231f219aa669a2652e0f20e16ba513d5741
# pip patsy @ https://files.pythonhosted.org/packages/f1/70/ba4b949bdc0490ab78d545459acd7702b211dfccf7eb89bbc1060f52818d/patsy-1.0.2-py2.py3-none-any.whl#sha256=37bfddbc58fcf0362febb5f54f10743f8b21dd2aa73dec7e7ef59d1b02ae668a
# pip plotly @ https://files.pythonhosted.org/packages/e7/c3/3031c931098de393393e1f93a38dc9ed6805d86bb801acc3cf2d5bd1e6b7/plotly-6.5.0-py3-none-any.whl#sha256=5ac851e100367735250206788a2b1325412aa4a4917a4fe3e6f0bc5aa6f3d90a
# pip python-utils @ https://files.pythonhosted.org/packages/d4/69/31c82567719b34d8f6b41077732589104883771d182a9f4ff3e71430999a/python_utils-3.9.1-py2.py3-none-any.whl#sha256=0273d7363c7ad4b70999b2791d5ba6b55333d6f7a4e4c8b6b39fb82b5fab4613
# pip terminado @ https://files.pythonhosted.org/packages/6a/9e/2064975477fdc887e47ad42157e214526dcad8f317a948dee17e1659a62f/terminado-0.18.1-py3-none-any.whl#sha256=a4468e1b37bb318f8a86514f65814e1afc977cf29b3992a4500d9dd305dcceb0
# pip vega-datasets @ https://files.pythonhosted.org/packages/e6/9f/ca52771fe972e0dcc5167fedb609940e01516066938ff2ee28b273ae4f29/vega_datasets-0.9.0-py3-none-any.whl#sha256=3d7c63917be6ca9b154b565f4779a31fedce57b01b5b9d99d8a34a7608062a1d
# pip altair-ally @ https://files.pythonhosted.org/packages/ca/b3/df528cb8c8242485b7f5d4d973fea5233b216486b3e1d2d8b14d92772ddf/altair_ally-0.1.1.tar.gz#sha256=f8b7179fda6335322048f71ec29b827b63f658e8a9fb54426927597eeb1f446e
# pip category-encoders @ https://files.pythonhosted.org/packages/a6/06/afcae4dab08612dac244ace7f478543f4fb83bea94177231ef9b4f7bfa06/category_encoders-2.9.0-py3-none-any.whl#sha256=49c0e49cd3bd93b21c0bcc928ecbe9b3d09951a6f7fff8cc67f1f33967887227
# pip pynomaly @ https://files.pythonhosted.org/packages/03/00/0af76dc221eb34f0d98af54024955ddc16080057a69d4c19329811aabc03/PyNomaly-0.3.4-py3-none-any.whl#sha256=e653f1e1c9a70c92170829f7440841e3b004528e1a1bfaea5e830e53fca26822
# pip deepchecks @ https://files.pythonhosted.org/packages/93/33/5af4ad37a258db5aa60b73fda875f362ef29a7e4b6b5f7760367113aa9ee/deepchecks-0.19.1-py3-none-any.whl#sha256=839926b338aa76f97a0d1220fe0a9f7cf59c88de08fd06f228ef3aa9dd27abf4
